
Microsoft Visual Studio Solution File, Format Version 12.00
# Visual Studio Version 17
VisualStudioVersion = 17.4.33110.190
MinimumVisualStudioVersion = 10.0.40219.1
Project("{FAE04EC0-301F-11D3-BF4B-00C04F79EFBC}") = "epi_project_pfe", "epi_project_pfe\epi_project_pfe.csproj", "{91DB3F76-DBFD-4F28-AAF5-A038938311ED}"
EndProject
Global
	GlobalSection(SolutionConfigurationPlatforms) = preSolution
		Debug|Any CPU = Debug|Any CPU
		Release|Any CPU = Release|Any CPU
	EndGlobalSection
	GlobalSection(ProjectConfigurationPlatforms) = postSolution
		{91DB3F76-DBFD-4F28-AAF5-A038938311ED}.Debug|Any CPU.ActiveCfg = Debug|Any CPU
		{91DB3F76-DBFD-4F28-AAF5-A038938311ED}.Debug|Any CPU.Build.0 = Debug|Any CPU
		{91DB3F76-DBFD-4F28-AAF5-A038938311ED}.Release|Any CPU.ActiveCfg = Release|Any CPU
		{91DB3F76-DBFD-4F28-AAF5-A038938311ED}.Release|Any CPU.Build.0 = Release|Any CPU
	EndGlobalSection
	GlobalSection(SolutionProperties) = preSolution
		HideSolutionNode = FALSE
	EndGlobalSection
	GlobalSection(ExtensibilityGlobals) = postSolution
		SolutionGuid = {D5E7ED95-4150-4B6D-BD3E-E016DC1907A0}
	EndGlobalSection
EndGlobal
